
Microsoft Visual Studio Solution File, Format Version 12.00
# Visual Studio Version 17
VisualStudioVersion = 17.11.35327.3
MinimumVisualStudioVersion = 10.0.40219.1
Project("{9A19103F-16F7-4668-BE54-9A1E7A4F7556}") = "EventsAPI", "EVENTS.Server\EventsAPI.csproj", "{4AA6D28E-7C7D-481D-BCD6-323155E7B4D4}"
EndProject
Project("{54A90642-561A-4BB1-A94E-469ADEE60C69}") = "events.client", "events.client\events.client.esproj", "{E3837898-F0F6-4904-9E75-C511A31B0AB2}"
EndProject
Global
	GlobalSection(SolutionConfigurationPlatforms) = preSolution
		Debug|Any CPU = Debug|Any CPU
		Release|Any CPU = Release|Any CPU
	EndGlobalSection
	GlobalSection(ProjectConfigurationPlatforms) = postSolution
		{4AA6D28E-7C7D-481D-BCD6-323155E7B4D4}.Debug|Any CPU.ActiveCfg = Debug|Any CPU
		{4AA6D28E-7C7D-481D-BCD6-323155E7B4D4}.Debug|Any CPU.Build.0 = Debug|Any CPU
		{4AA6D28E-7C7D-481D-BCD6-323155E7B4D4}.Release|Any CPU.ActiveCfg = Release|Any CPU
		{4AA6D28E-7C7D-481D-BCD6-323155E7B4D4}.Release|Any CPU.Build.0 = Release|Any CPU
		{E3837898-F0F6-4904-9E75-C511A31B0AB2}.Debug|Any CPU.ActiveCfg = Debug|Any CPU
		{E3837898-F0F6-4904-9E75-C511A31B0AB2}.Debug|Any CPU.Build.0 = Debug|Any CPU
		{E3837898-F0F6-4904-9E75-C511A31B0AB2}.Debug|Any CPU.Deploy.0 = Debug|Any CPU
		{E3837898-F0F6-4904-9E75-C511A31B0AB2}.Release|Any CPU.ActiveCfg = Release|Any CPU
		{E3837898-F0F6-4904-9E75-C511A31B0AB2}.Release|Any CPU.Build.0 = Release|Any CPU
		{E3837898-F0F6-4904-9E75-C511A31B0AB2}.Release|Any CPU.Deploy.0 = Release|Any CPU
	EndGlobalSection
	GlobalSection(SolutionProperties) = preSolution
		HideSolutionNode = FALSE
	EndGlobalSection
	GlobalSection(ExtensibilityGlobals) = postSolution
		SolutionGuid = {EF2397D4-55BD-48F8-9E17-3D99B1905376}
	EndGlobalSection
EndGlobal
